
Microsoft Visual Studio Solution File, Format Version 12.00
# Visual Studio Version 16
VisualStudioVersion = 16.0.29123.88
MinimumVisualStudioVersion = 10.0.40219.1
Project("{FAE04EC0-301F-11D3-BF4B-00C04F79EFBC}") = "Renamer", "Renamer\Renamer.csproj", "{3D2961F8-3833-489A-A48C-E45825B9AC96}"
EndProject
Global
	GlobalSection(SolutionConfigurationPlatforms) = preSolution
		Debug|Any CPU = Debug|Any CPU
		Release|Any CPU = Release|Any CPU
	EndGlobalSection
	GlobalSection(ProjectConfigurationPlatforms) = postSolution
		{3D2961F8-3833-489A-A48C-E45825B9AC96}.Debug|Any CPU.ActiveCfg = Debug|Any CPU
		{3D2961F8-3833-489A-A48C-E45825B9AC96}.Debug|Any CPU.Build.0 = Debug|Any CPU
		{3D2961F8-3833-489A-A48C-E45825B9AC96}.Release|Any CPU.ActiveCfg = Release|Any CPU
		{3D2961F8-3833-489A-A48C-E45825B9AC96}.Release|Any CPU.Build.0 = Release|Any CPU
	EndGlobalSection
	GlobalSection(SolutionProperties) = preSolution
		HideSolutionNode = FALSE
	EndGlobalSection
	GlobalSection(ExtensibilityGlobals) = postSolution
		SolutionGuid = {CA35ABAB-041C-4352-95A3-5626D06AAE98}
	EndGlobalSection
EndGlobal
